{
  "name": "jsontocsvbuffer",
  "version": "1.1.0",
  "lockfileVersion": 3,
  "requires": true,
  "packages": {
    "": {
      "name": "jsontocsvbuffer",
      "version": "1.1.0",
      "license": "ISC",
      "dependencies": {
        "jsontocsvbuffer": "^1.1.0"
      }
    },
    "node_modules/jsontocsvbuffer": {
      "version": "1.1.0",
      "resolved": "https://registry.npmjs.org/jsontocsvbuffer/-/jsontocsvbuffer-1.1.0.tgz",
      "integrity": "sha512-h6ZA8wCz9nk8SKCGa/vEEtQAcjq1/t4Jmp388HGgjQlY3hh09vA1isfOaXwKvwXibQpU8KdHpCMSm2sq30BMQA=="
    }
  }
}
